
Microsoft Visual Studio Solution File, Format Version 12.00
# Visual Studio Version 16
VisualStudioVersion = 16.0.31613.86
MinimumVisualStudioVersion = 10.0.40219.1
Project("{FAE04EC0-301F-11D3-BF4B-00C04F79EFBC}") = "DataModels", "DataModels\DataModels.csproj", "{F289E671-B42D-4FA6-B01B-1FF95EEF1867}"
EndProject
Global
	GlobalSection(SolutionConfigurationPlatforms) = preSolution
		Debug|Any CPU = Debug|Any CPU
		Release|Any CPU = Release|Any CPU
	EndGlobalSection
	GlobalSection(ProjectConfigurationPlatforms) = postSolution
		{F289E671-B42D-4FA6-B01B-1FF95EEF1867}.Debug|Any CPU.ActiveCfg = Debug|Any CPU
		{F289E671-B42D-4FA6-B01B-1FF95EEF1867}.Debug|Any CPU.Build.0 = Debug|Any CPU
		{F289E671-B42D-4FA6-B01B-1FF95EEF1867}.Release|Any CPU.ActiveCfg = Release|Any CPU
		{F289E671-B42D-4FA6-B01B-1FF95EEF1867}.Release|Any CPU.Build.0 = Release|Any CPU
	EndGlobalSection
	GlobalSection(SolutionProperties) = preSolution
		HideSolutionNode = FALSE
	EndGlobalSection
	GlobalSection(ExtensibilityGlobals) = postSolution
		SolutionGuid = {4C490F61-5606-4147-90E8-9A7E1DFEE097}
	EndGlobalSection
EndGlobal
